// !$*UTF8*$!
{
	archiveVersion = 1;
	classes = {
	};
	objectVersion = 55;
	objects = {

/* Begin PBXBuildFile section */
		3A0D234827A517AD00154227 /* SearchCityHeaderView.swift in Sources */ = {isa = PBXBuildFile; fileRef = 3A0D234727A517AD00154227 /* SearchCityHeaderView.swift */; };
		3A0D234A27A51EA400154227 /* CityCell.swift in Sources */ = {isa = PBXBuildFile; fileRef = 3A0D234927A51EA400154227 /* CityCell.swift */; };
		3A0D234C27A51F2F00154227 /* CityCellModel.swift in Sources */ = {isa = PBXBuildFile; fileRef = 3A0D234B27A51F2F00154227 /* CityCellModel.swift */; };
		3A0D235327A52E5000154227 /* WeatherModel.swift in Sources */ = {isa = PBXBuildFile; fileRef = 3A0D235227A52E5000154227 /* WeatherModel.swift */; };
		3A0D235A27A539D500154227 /* CityModel.swift in Sources */ = {isa = PBXBuildFile; fileRef = 3A0D235927A539D500154227 /* CityModel.swift */; };
		3A0D235C27A53F9600154227 /* cityList.json in Resources */ = {isa = PBXBuildFile; fileRef = 3A0D235B27A53F9600154227 /* cityList.json */; };
		3A0D235E27A5459F00154227 /* AppStartManager.swift in Sources */ = {isa = PBXBuildFile; fileRef = 3A0D235D27A5459F00154227 /* AppStartManager.swift */; };
		3A0D236327A54D3C00154227 /* CityDecoderService.swift in Sources */ = {isa = PBXBuildFile; fileRef = 3A0D236227A54D3C00154227 /* CityDecoderService.swift */; };
		3A0D236927A55C4F00154227 /* WeatherDetailView.swift in Sources */ = {isa = PBXBuildFile; fileRef = 3A0D236827A55C4F00154227 /* WeatherDetailView.swift */; };
		3A0D236B27A55C6100154227 /* WeatherDetailViewController.swift in Sources */ = {isa = PBXBuildFile; fileRef = 3A0D236A27A55C6100154227 /* WeatherDetailViewController.swift */; };
		3A0D237127A55F6400154227 /* WeatherHeaderView.swift in Sources */ = {isa = PBXBuildFile; fileRef = 3A0D237027A55F6400154227 /* WeatherHeaderView.swift */; };
		3A0D237327A55F9800154227 /* WeatherHeaderViewController.swift in Sources */ = {isa = PBXBuildFile; fileRef = 3A0D237227A55F9800154227 /* WeatherHeaderViewController.swift */; };
		3A91AF6427A5154400C7FB5A /* AppDelegate.swift in Sources */ = {isa = PBXBuildFile; fileRef = 3A91AF6327A5154400C7FB5A /* AppDelegate.swift */; };
		3A91AF6827A5154400C7FB5A /* SearchViewController.swift in Sources */ = {isa = PBXBuildFile; fileRef = 3A91AF6727A5154400C7FB5A /* SearchViewController.swift */; };
		3A91AF6D27A5154600C7FB5A /* Assets.xcassets in Resources */ = {isa = PBXBuildFile; fileRef = 3A91AF6C27A5154600C7FB5A /* Assets.xcassets */; };
		3A91AF7027A5154600C7FB5A /* LaunchScreen.storyboard in Resources */ = {isa = PBXBuildFile; fileRef = 3A91AF6E27A5154600C7FB5A /* LaunchScreen.storyboard */; };
		3A91AF7B27A5154600C7FB5A /* WeatherAppTests.swift in Sources */ = {isa = PBXBuildFile; fileRef = 3A91AF7A27A5154600C7FB5A /* WeatherAppTests.swift */; };
		3A91AF8527A5154600C7FB5A /* WeatherAppUITests.swift in Sources */ = {isa = PBXBuildFile; fileRef = 3A91AF8427A5154600C7FB5A /* WeatherAppUITests.swift */; };
		3A91AF8727A5154600C7FB5A /* WeatherAppUITestsLaunchTests.swift in Sources */ = {isa = PBXBuildFile; fileRef = 3A91AF8627A5154600C7FB5A /* WeatherAppUITestsLaunchTests.swift */; };
/* End PBXBuildFile section */

/* Begin PBXContainerItemProxy section */
		3A91AF7727A5154600C7FB5A /* PBXContainerItemProxy */ = {
			isa = PBXContainerItemProxy;
			containerPortal = 3A91AF5827A5154400C7FB5A /* Project object */;
			proxyType = 1;
			remoteGlobalIDString = 3A91AF5F27A5154400C7FB5A;
			remoteInfo = WeatherApp;
		};
		3A91AF8127A5154600C7FB5A /* PBXContainerItemProxy */ = {
			isa = PBXContainerItemProxy;
			containerPortal = 3A91AF5827A5154400C7FB5A /* Project object */;
			proxyType = 1;
			remoteGlobalIDString = 3A91AF5F27A5154400C7FB5A;
			remoteInfo = WeatherApp;
		};
/* End PBXContainerItemProxy section */

/* Begin PBXFileReference section */
		3A0D234727A517AD00154227 /* SearchCityHeaderView.swift */ = {isa = PBXFileReference; lastKnownFileType = sourcecode.swift; path = SearchCityHeaderView.swift; sourceTree = "<group>"; };
		3A0D234927A51EA400154227 /* CityCell.swift */ = {isa = PBXFileReference; lastKnownFileType = sourcecode.swift; path = CityCell.swift; sourceTree = "<group>"; };
		3A0D234B27A51F2F00154227 /* CityCellModel.swift */ = {isa = PBXFileReference; lastKnownFileType = sourcecode.swift; path = CityCellModel.swift; sourceTree = "<group>"; };
		3A0D235227A52E5000154227 /* WeatherModel.swift */ = {isa = PBXFileReference; lastKnownFileType = sourcecode.swift; path = WeatherModel.swift; sourceTree = "<group>"; };
		3A0D235927A539D500154227 /* CityModel.swift */ = {isa = PBXFileReference; lastKnownFileType = sourcecode.swift; path = CityModel.swift; sourceTree = "<group>"; };
		3A0D235B27A53F9600154227 /* cityList.json */ = {isa = PBXFileReference; lastKnownFileType = text.json; path = cityList.json; sourceTree = "<group>"; xcLanguageSpecificationIdentifier = xcode.lang.json; };
		3A0D235D27A5459F00154227 /* AppStartManager.swift */ = {isa = PBXFileReference; lastKnownFileType = sourcecode.swift; path = AppStartManager.swift; sourceTree = "<group>"; };
		3A0D236227A54D3C00154227 /* CityDecoderService.swift */ = {isa = PBXFileReference; lastKnownFileType = sourcecode.swift; path = CityDecoderService.swift; sourceTree = "<group>"; };
		3A0D236827A55C4F00154227 /* WeatherDetailView.swift */ = {isa = PBXFileReference; lastKnownFileType = sourcecode.swift; path = WeatherDetailView.swift; sourceTree = "<group>"; };
		3A0D236A27A55C6100154227 /* WeatherDetailViewController.swift */ = {isa = PBXFileReference; lastKnownFileType = sourcecode.swift; path = WeatherDetailViewController.swift; sourceTree = "<group>"; };
		3A0D237027A55F6400154227 /* WeatherHeaderView.swift */ = {isa = PBXFileReference; lastKnownFileType = sourcecode.swift; path = WeatherHeaderView.swift; sourceTree = "<group>"; };
		3A0D237227A55F9800154227 /* WeatherHeaderViewController.swift */ = {isa = PBXFileReference; lastKnownFileType = sourcecode.swift; path = WeatherHeaderViewController.swift; sourceTree = "<group>"; };
		3A91AF6027A5154400C7FB5A /* WeatherApp.app */ = {isa = PBXFileReference; explicitFileType = wrapper.application; includeInIndex = 0; path = WeatherApp.app; sourceTree = BUILT_PRODUCTS_DIR; };
		3A91AF6327A5154400C7FB5A /* AppDelegate.swift */ = {isa = PBXFileReference; lastKnownFileType = sourcecode.swift; path = AppDelegate.swift; sourceTree = "<group>"; };
		3A91AF6727A5154400C7FB5A /* SearchViewController.swift */ = {isa = PBXFileReference; lastKnownFileType = sourcecode.swift; path = SearchViewController.swift; sourceTree = "<group>"; };
		3A91AF6C27A5154600C7FB5A /* Assets.xcassets */ = {isa = PBXFileReference; lastKnownFileType = folder.assetcatalog; path = Assets.xcassets; sourceTree = "<group>"; };
		3A91AF6F27A5154600C7FB5A /* Base */ = {isa = PBXFileReference; lastKnownFileType = file.storyboard; name = Base; path = Base.lproj/LaunchScreen.storyboard; sourceTree = "<group>"; };
		3A91AF7127A5154600C7FB5A /* Info.plist */ = {isa = PBXFileReference; lastKnownFileType = text.plist.xml; path = Info.plist; sourceTree = "<group>"; };
		3A91AF7627A5154600C7FB5A /* WeatherAppTests.xctest */ = {isa = PBXFileReference; explicitFileType = wrapper.cfbundle; includeInIndex = 0; path = WeatherAppTests.xctest; sourceTree = BUILT_PRODUCTS_DIR; };
		3A91AF7A27A5154600C7FB5A /* WeatherAppTests.swift */ = {isa = PBXFileReference; lastKnownFileType = sourcecode.swift; path = WeatherAppTests.swift; sourceTree = "<group>"; };
		3A91AF8027A5154600C7FB5A /* WeatherAppUITests.xctest */ = {isa = PBXFileReference; explicitFileType = wrapper.cfbundle; includeInIndex = 0; path = WeatherAppUITests.xctest; sourceTree = BUILT_PRODUCTS_DIR; };
		3A91AF8427A5154600C7FB5A /* WeatherAppUITests.swift */ = {isa = PBXFileReference; lastKnownFileType = sourcecode.swift; path = WeatherAppUITests.swift; sourceTree = "<group>"; };
		3A91AF8627A5154600C7FB5A /* WeatherAppUITestsLaunchTests.swift */ = {isa = PBXFileReference; lastKnownFileType = sourcecode.swift; path = WeatherAppUITestsLaunchTests.swift; sourceTree = "<group>"; };
/* End PBXFileReference section */

/* Begin PBXFrameworksBuildPhase section */
		3A91AF5D27A5154400C7FB5A /* Frameworks */ = {
			isa = PBXFrameworksBuildPhase;
			buildActionMask = 2147483647;
			files = (
			);
			runOnlyForDeploymentPostprocessing = 0;
		};
		3A91AF7327A5154600C7FB5A /* Frameworks */ = {
			isa = PBXFrameworksBuildPhase;
			buildActionMask = 2147483647;
			files = (
			);
			runOnlyForDeploymentPostprocessing = 0;
		};
		3A91AF7D27A5154600C7FB5A /* Frameworks */ = {
			isa = PBXFrameworksBuildPhase;
			buildActionMask = 2147483647;
			files = (
			);
			runOnlyForDeploymentPostprocessing = 0;
		};
/* End PBXFrameworksBuildPhase section */

/* Begin PBXGroup section */
		3A0D234627A516C900154227 /* API */ = {
			isa = PBXGroup;
			children = (
				3A0D235427A5357200154227 /* Services */,
			);
			path = API;
			sourceTree = "<group>";
		};
		3A0D234D27A5209100154227 /* Core */ = {
			isa = PBXGroup;
			children = (
				3A0D234E27A520B000154227 /* AppDelegate */,
			);
			path = Core;
			sourceTree = "<group>";
		};
		3A0D234E27A520B000154227 /* AppDelegate */ = {
			isa = PBXGroup;
			children = (
				3A91AF6327A5154400C7FB5A /* AppDelegate.swift */,
			);
			path = AppDelegate;
			sourceTree = "<group>";
		};
		3A0D235127A52E2900154227 /* Models */ = {
			isa = PBXGroup;
			children = (
				3A0D235227A52E5000154227 /* WeatherModel.swift */,
				3A0D235927A539D500154227 /* CityModel.swift */,
			);
			path = Models;
			sourceTree = "<group>";
		};
		3A0D235427A5357200154227 /* Services */ = {
			isa = PBXGroup;
			children = (
				3A0D235D27A5459F00154227 /* AppStartManager.swift */,
				3A0D236227A54D3C00154227 /* CityDecoderService.swift */,
			);
			path = Services;
			sourceTree = "<group>";
		};
		3A0D236427A55AFE00154227 /* Search */ = {
			isa = PBXGroup;
			children = (
				3A91AF9627A5165800C7FB5A /* Controller */,
				3A91AF9527A5164D00C7FB5A /* View */,
			);
			path = Search;
			sourceTree = "<group>";
		};
		3A0D236527A55BFE00154227 /* Weather */ = {
			isa = PBXGroup;
			children = (
				3A0D236D27A55F2800154227 /* Header */,
				3A0D236C27A55F1B00154227 /* Main */,
			);
			path = Weather;
			sourceTree = "<group>";
		};
		3A0D236627A55C0D00154227 /* View */ = {
			isa = PBXGroup;
			children = (
				3A0D236827A55C4F00154227 /* WeatherDetailView.swift */,
			);
			path = View;
			sourceTree = "<group>";
		};
		3A0D236727A55C1400154227 /* Controller */ = {
			isa = PBXGroup;
			children = (
				3A0D236A27A55C6100154227 /* WeatherDetailViewController.swift */,
			);
			path = Controller;
			sourceTree = "<group>";
		};
		3A0D236C27A55F1B00154227 /* Main */ = {
			isa = PBXGroup;
			children = (
				3A0D236727A55C1400154227 /* Controller */,
				3A0D236627A55C0D00154227 /* View */,
			);
			path = Main;
			sourceTree = "<group>";
		};
		3A0D236D27A55F2800154227 /* Header */ = {
			isa = PBXGroup;
			children = (
				3A0D236F27A55F3D00154227 /* Controller */,
				3A0D236E27A55F3600154227 /* View */,
			);
			path = Header;
			sourceTree = "<group>";
		};
		3A0D236E27A55F3600154227 /* View */ = {
			isa = PBXGroup;
			children = (
				3A0D237027A55F6400154227 /* WeatherHeaderView.swift */,
			);
			path = View;
			sourceTree = "<group>";
		};
		3A0D236F27A55F3D00154227 /* Controller */ = {
			isa = PBXGroup;
			children = (
				3A0D237227A55F9800154227 /* WeatherHeaderViewController.swift */,
			);
			path = Controller;
			sourceTree = "<group>";
		};
		3A91AF5727A5154400C7FB5A = {
			isa = PBXGroup;
			children = (
				3A91AF9327A5160300C7FB5A /* Resourses */,
				3A91AF6227A5154400C7FB5A /* WeatherApp */,
				3A91AF7927A5154600C7FB5A /* WeatherAppTests */,
				3A91AF8327A5154600C7FB5A /* WeatherAppUITests */,
				3A91AF6127A5154400C7FB5A /* Products */,
			);
			sourceTree = "<group>";
		};
		3A91AF6127A5154400C7FB5A /* Products */ = {
			isa = PBXGroup;
			children = (
				3A91AF6027A5154400C7FB5A /* WeatherApp.app */,
				3A91AF7627A5154600C7FB5A /* WeatherAppTests.xctest */,
				3A91AF8027A5154600C7FB5A /* WeatherAppUITests.xctest */,
			);
			name = Products;
			sourceTree = "<group>";
		};
		3A91AF6227A5154400C7FB5A /* WeatherApp */ = {
			isa = PBXGroup;
			children = (
				3A91AF9427A5163700C7FB5A /* Flows */,
				3A91AF6C27A5154600C7FB5A /* Assets.xcassets */,
				3A91AF6E27A5154600C7FB5A /* LaunchScreen.storyboard */,
				3A91AF7127A5154600C7FB5A /* Info.plist */,
				3A0D235B27A53F9600154227 /* cityList.json */,
			);
			path = WeatherApp;
			sourceTree = "<group>";
		};
		3A91AF7927A5154600C7FB5A /* WeatherAppTests */ = {
			isa = PBXGroup;
			children = (
				3A91AF7A27A5154600C7FB5A /* WeatherAppTests.swift */,
			);
			path = WeatherAppTests;
			sourceTree = "<group>";
		};
		3A91AF8327A5154600C7FB5A /* WeatherAppUITests */ = {
			isa = PBXGroup;
			children = (
				3A91AF8427A5154600C7FB5A /* WeatherAppUITests.swift */,
				3A91AF8627A5154600C7FB5A /* WeatherAppUITestsLaunchTests.swift */,
			);
			path = WeatherAppUITests;
			sourceTree = "<group>";
		};
		3A91AF9327A5160300C7FB5A /* Resourses */ = {
			isa = PBXGroup;
			children = (
				3A0D235127A52E2900154227 /* Models */,
				3A0D234D27A5209100154227 /* Core */,
				3A0D234627A516C900154227 /* API */,
			);
			path = Resourses;
			sourceTree = "<group>";
		};
		3A91AF9427A5163700C7FB5A /* Flows */ = {
			isa = PBXGroup;
			children = (
				3A0D236527A55BFE00154227 /* Weather */,
				3A0D236427A55AFE00154227 /* Search */,
			);
			path = Flows;
			sourceTree = "<group>";
		};
		3A91AF9527A5164D00C7FB5A /* View */ = {
			isa = PBXGroup;
			children = (
				3A0D234727A517AD00154227 /* SearchCityHeaderView.swift */,
				3A0D234B27A51F2F00154227 /* CityCellModel.swift */,
			);
			path = View;
			sourceTree = "<group>";
		};
		3A91AF9627A5165800C7FB5A /* Controller */ = {
			isa = PBXGroup;
			children = (
				3A91AF6727A5154400C7FB5A /* SearchViewController.swift */,
				3A0D234927A51EA400154227 /* CityCell.swift */,
			);
			path = Controller;
			sourceTree = "<group>";
		};
/* End PBXGroup section */

/* Begin PBXNativeTarget section */
		3A91AF5F27A5154400C7FB5A /* WeatherApp */ = {
			isa = PBXNativeTarget;
			buildConfigurationList = 3A91AF8A27A5154600C7FB5A /* Build configuration list for PBXNativeTarget "WeatherApp" */;
			buildPhases = (
				3A91AF5C27A5154400C7FB5A /* Sources */,
				3A91AF5D27A5154400C7FB5A /* Frameworks */,
				3A91AF5E27A5154400C7FB5A /* Resources */,
			);
			buildRules = (
			);
			dependencies = (
			);
			name = WeatherApp;
			productName = WeatherApp;
			productReference = 3A91AF6027A5154400C7FB5A /* WeatherApp.app */;
			productType = "com.apple.product-type.application";
		};
		3A91AF7527A5154600C7FB5A /* WeatherAppTests */ = {
			isa = PBXNativeTarget;
			buildConfigurationList = 3A91AF8D27A5154600C7FB5A /* Build configuration list for PBXNativeTarget "WeatherAppTests" */;
			buildPhases = (
				3A91AF7227A5154600C7FB5A /* Sources */,
				3A91AF7327A5154600C7FB5A /* Frameworks */,
				3A91AF7427A5154600C7FB5A /* Resources */,
			);
			buildRules = (
			);
			dependencies = (
				3A91AF7827A5154600C7FB5A /* PBXTargetDependency */,
			);
			name = WeatherAppTests;
			productName = WeatherAppTests;
			productReference = 3A91AF7627A5154600C7FB5A /* WeatherAppTests.xctest */;
			productType = "com.apple.product-type.bundle.unit-test";
		};
		3A91AF7F27A5154600C7FB5A /* WeatherAppUITests */ = {
			isa = PBXNativeTarget;
			buildConfigurationList = 3A91AF9027A5154600C7FB5A /* Build configuration list for PBXNativeTarget "WeatherAppUITests" */;
			buildPhases = (
				3A91AF7C27A5154600C7FB5A /* Sources */,
				3A91AF7D27A5154600C7FB5A /* Frameworks */,
				3A91AF7E27A5154600C7FB5A /* Resources */,
			);
			buildRules = (
			);
			dependencies = (
				3A91AF8227A5154600C7FB5A /* PBXTargetDependency */,
			);
			name = WeatherAppUITests;
			productName = WeatherAppUITests;
			productReference = 3A91AF8027A5154600C7FB5A /* WeatherAppUITests.xctest */;
			productType = "com.apple.product-type.bundle.ui-testing";
		};
/* End PBXNativeTarget section */

/* Begin PBXProject section */
		3A91AF5827A5154400C7FB5A /* Project object */ = {
			isa = PBXProject;
			attributes = {
				BuildIndependentTargetsInParallel = 1;
				LastSwiftUpdateCheck = 1320;
				LastUpgradeCheck = 1320;
				TargetAttributes = {
					3A91AF5F27A5154400C7FB5A = {
						CreatedOnToolsVersion = 13.2.1;
					};
					3A91AF7527A5154600C7FB5A = {
						CreatedOnToolsVersion = 13.2.1;
						TestTargetID = 3A91AF5F27A5154400C7FB5A;
					};
					3A91AF7F27A5154600C7FB5A = {
						CreatedOnToolsVersion = 13.2.1;
						TestTargetID = 3A91AF5F27A5154400C7FB5A;
					};
				};
			};
			buildConfigurationList = 3A91AF5B27A5154400C7FB5A /* Build configuration list for PBXProject "WeatherApp" */;
			compatibilityVersion = "Xcode 13.0";
			developmentRegion = en;
			hasScannedForEncodings = 0;
			knownRegions = (
				en,
				Base,
			);
			mainGroup = 3A91AF5727A5154400C7FB5A;
			productRefGroup = 3A91AF6127A5154400C7FB5A /* Products */;
			projectDirPath = "";
			projectRoot = "";
			targets = (
				3A91AF5F27A5154400C7FB5A /* WeatherApp */,
				3A91AF7527A5154600C7FB5A /* WeatherAppTests */,
				3A91AF7F27A5154600C7FB5A /* WeatherAppUITests */,
			);
		};
/* End PBXProject section */

/* Begin PBXResourcesBuildPhase section */
		3A91AF5E27A5154400C7FB5A /* Resources */ = {
			isa = PBXResourcesBuildPhase;
			buildActionMask = 2147483647;
			files = (
				3A91AF7027A5154600C7FB5A /* LaunchScreen.storyboard in Resources */,
				3A0D235C27A53F9600154227 /* cityList.json in Resources */,
				3A91AF6D27A5154600C7FB5A /* Assets.xcassets in Resources */,
			);
			runOnlyForDeploymentPostprocessing = 0;
		};
		3A91AF7427A5154600C7FB5A /* Resources */ = {
			isa = PBXResourcesBuildPhase;
			buildActionMask = 2147483647;
			files = (
			);
			runOnlyForDeploymentPostprocessing = 0;
		};
		3A91AF7E27A5154600C7FB5A /* Resources */ = {
			isa = PBXResourcesBuildPhase;
			buildActionMask = 2147483647;
			files = (
			);
			runOnlyForDeploymentPostprocessing = 0;
		};
/* End PBXResourcesBuildPhase section */

/* Begin PBXSourcesBuildPhase section */
		3A91AF5C27A5154400C7FB5A /* Sources */ = {
			isa = PBXSourcesBuildPhase;
			buildActionMask = 2147483647;
			files = (
				3A0D236927A55C4F00154227 /* WeatherDetailView.swift in Sources */,
				3A0D236B27A55C6100154227 /* WeatherDetailViewController.swift in Sources */,
				3A0D237127A55F6400154227 /* WeatherHeaderView.swift in Sources */,
				3A0D234827A517AD00154227 /* SearchCityHeaderView.swift in Sources */,
				3A91AF6827A5154400C7FB5A /* SearchViewController.swift in Sources */,
				3A0D234C27A51F2F00154227 /* CityCellModel.swift in Sources */,
				3A0D235327A52E5000154227 /* WeatherModel.swift in Sources */,
				3A0D236327A54D3C00154227 /* CityDecoderService.swift in Sources */,
				3A0D237327A55F9800154227 /* WeatherHeaderViewController.swift in Sources */,
				3A0D234A27A51EA400154227 /* CityCell.swift in Sources */,
				3A91AF6427A5154400C7FB5A /* AppDelegate.swift in Sources */,
				3A0D235E27A5459F00154227 /* AppStartManager.swift in Sources */,
				3A0D235A27A539D500154227 /* CityModel.swift in Sources */,
			);
			runOnlyForDeploymentPostprocessing = 0;
		};
		3A91AF7227A5154600C7FB5A /* Sources */ = {
			isa = PBXSourcesBuildPhase;
			buildActionMask = 2147483647;
			files = (
				3A91AF7B27A5154600C7FB5A /* WeatherAppTests.swift in Sources */,
			);
			runOnlyForDeploymentPostprocessing = 0;
		};
		3A91AF7C27A5154600C7FB5A /* Sources */ = {
			isa = PBXSourcesBuildPhase;
			buildActionMask = 2147483647;
			files = (
				3A91AF8527A5154600C7FB5A /* WeatherAppUITests.swift in Sources */,
				3A91AF8727A5154600C7FB5A /* WeatherAppUITestsLaunchTests.swift in Sources */,
			);
			runOnlyForDeploymentPostprocessing = 0;
		};
/* End PBXSourcesBuildPhase section */

/* Begin PBXTargetDependency section */
		3A91AF7827A5154600C7FB5A /* PBXTargetDependency */ = {
			isa = PBXTargetDependency;
			target = 3A91AF5F27A5154400C7FB5A /* WeatherApp */;
			targetProxy = 3A91AF7727A5154600C7FB5A /* PBXContainerItemProxy */;
		};
		3A91AF8227A5154600C7FB5A /* PBXTargetDependency */ = {
			isa = PBXTargetDependency;
			target = 3A91AF5F27A5154400C7FB5A /* WeatherApp */;
			targetProxy = 3A91AF8127A5154600C7FB5A /* PBXContainerItemProxy */;
		};
/* End PBXTargetDependency section */

/* Begin PBXVariantGroup section */
		3A91AF6E27A5154600C7FB5A /* LaunchScreen.storyboard */ = {
			isa = PBXVariantGroup;
			children = (
				3A91AF6F27A5154600C7FB5A /* Base */,
			);
			name = LaunchScreen.storyboard;
			sourceTree = "<group>";
		};
/* End PBXVariantGroup section */

/* Begin XCBuildConfiguration section */
		3A91AF8827A5154600C7FB5A /* Debug */ = {
			isa = XCBuildConfiguration;
			buildSettings = {
				ALWAYS_SEARCH_USER_PATHS = NO;
				CLANG_ANALYZER_NONNULL = YES;
				CLANG_ANALYZER_NUMBER_OBJECT_CONVERSION = YES_AGGRESSIVE;
				CLANG_CXX_LANGUAGE_STANDARD = "gnu++17";
				CLANG_CXX_LIBRARY = "libc++";
				CLANG_ENABLE_MODULES = YES;
				CLANG_ENABLE_OBJC_ARC = YES;
				CLANG_ENABLE_OBJC_WEAK = YES;
				CLANG_WARN_BLOCK_CAPTURE_AUTORELEASING = YES;
				CLANG_WARN_BOOL_CONVERSION = YES;
				CLANG_WARN_COMMA = YES;
				CLANG_WARN_CONSTANT_CONVERSION = YES;
				CLANG_WARN_DEPRECATED_OBJC_IMPLEMENTATIONS = YES;
				CLANG_WARN_DIRECT_OBJC_ISA_USAGE = YES_ERROR;
				CLANG_WARN_DOCUMENTATION_COMMENTS = YES;
				CLANG_WARN_EMPTY_BODY = YES;
				CLANG_WARN_ENUM_CONVERSION = YES;
				CLANG_WARN_INFINITE_RECURSION = YES;
				CLANG_WARN_INT_CONVERSION = YES;
				CLANG_WARN_NON_LITERAL_NULL_CONVERSION = YES;
				CLANG_WARN_OBJC_IMPLICIT_RETAIN_SELF = YES;
				CLANG_WARN_OBJC_LITERAL_CONVERSION = YES;
				CLANG_WARN_OBJC_ROOT_CLASS = YES_ERROR;
				CLANG_WARN_QUOTED_INCLUDE_IN_FRAMEWORK_HEADER = YES;
				CLANG_WARN_RANGE_LOOP_ANALYSIS = YES;
				CLANG_WARN_STRICT_PROTOTYPES = YES;
				CLANG_WARN_SUSPICIOUS_MOVE = YES;
				CLANG_WARN_UNGUARDED_AVAILABILITY = YES_AGGRESSIVE;
				CLANG_WARN_UNREACHABLE_CODE = YES;
				CLANG_WARN__DUPLICATE_METHOD_MATCH = YES;
				COPY_PHASE_STRIP = NO;
				DEBUG_INFORMATION_FORMAT = dwarf;
				ENABLE_STRICT_OBJC_MSGSEND = YES;
				ENABLE_TESTABILITY = YES;
				GCC_C_LANGUAGE_STANDARD = gnu11;
				GCC_DYNAMIC_NO_PIC = NO;
				GCC_NO_COMMON_BLOCKS = YES;
				GCC_OPTIMIZATION_LEVEL = 0;
				GCC_PREPROCESSOR_DEFINITIONS = (
					"DEBUG=1",
					"$(inherited)",
				);
				GCC_WARN_64_TO_32_BIT_CONVERSION = YES;
				GCC_WARN_ABOUT_RETURN_TYPE = YES_ERROR;
				GCC_WARN_UNDECLARED_SELECTOR = YES;
				GCC_WARN_UNINITIALIZED_AUTOS = YES_AGGRESSIVE;
				GCC_WARN_UNUSED_FUNCTION = YES;
				GCC_WARN_UNUSED_VARIABLE = YES;
				IPHONEOS_DEPLOYMENT_TARGET = 15.2;
				MTL_ENABLE_DEBUG_INFO = INCLUDE_SOURCE;
				MTL_FAST_MATH = YES;
				ONLY_ACTIVE_ARCH = YES;
				SDKROOT = iphoneos;
				SWIFT_ACTIVE_COMPILATION_CONDITIONS = DEBUG;
				SWIFT_OPTIMIZATION_LEVEL = "-Onone";
			};
			name = Debug;
		};
		3A91AF8927A5154600C7FB5A /* Release */ = {
			isa = XCBuildConfiguration;
			buildSettings = {
				ALWAYS_SEARCH_USER_PATHS = NO;
				CLANG_ANALYZER_NONNULL = YES;
				CLANG_ANALYZER_NUMBER_OBJECT_CONVERSION = YES_AGGRESSIVE;
				CLANG_CXX_LANGUAGE_STANDARD = "gnu++17";
				CLANG_CXX_LIBRARY = "libc++";
				CLANG_ENABLE_MODULES = YES;
				CLANG_ENABLE_OBJC_ARC = YES;
				CLANG_ENABLE_OBJC_WEAK = YES;
				CLANG_WARN_BLOCK_CAPTURE_AUTORELEASING = YES;
				CLANG_WARN_BOOL_CONVERSION = YES;
				CLANG_WARN_COMMA = YES;
				CLANG_WARN_CONSTANT_CONVERSION = YES;
				CLANG_WARN_DEPRECATED_OBJC_IMPLEMENTATIONS = YES;
				CLANG_WARN_DIRECT_OBJC_ISA_USAGE = YES_ERROR;
				CLANG_WARN_DOCUMENTATION_COMMENTS = YES;
				CLANG_WARN_EMPTY_BODY = YES;
				CLANG_WARN_ENUM_CONVERSION = YES;
				CLANG_WARN_INFINITE_RECURSION = YES;
				CLANG_WARN_INT_CONVERSION = YES;
				CLANG_WARN_NON_LITERAL_NULL_CONVERSION = YES;
				CLANG_WARN_OBJC_IMPLICIT_RETAIN_SELF = YES;
				CLANG_WARN_OBJC_LITERAL_CONVERSION = YES;
				CLANG_WARN_OBJC_ROOT_CLASS = YES_ERROR;
				CLANG_WARN_QUOTED_INCLUDE_IN_FRAMEWORK_HEADER = YES;
				CLANG_WARN_RANGE_LOOP_ANALYSIS = YES;
				CLANG_WARN_STRICT_PROTOTYPES = YES;
				CLANG_WARN_SUSPICIOUS_MOVE = YES;
				CLANG_WARN_UNGUARDED_AVAILABILITY = YES_AGGRESSIVE;
				CLANG_WARN_UNREACHABLE_CODE = YES;
				CLANG_WARN__DUPLICATE_METHOD_MATCH = YES;
				COPY_PHASE_STRIP = NO;
				DEBUG_INFORMATION_FORMAT = "dwarf-with-dsym";
				ENABLE_NS_ASSERTIONS = NO;
				ENABLE_STRICT_OBJC_MSGSEND = YES;
				GCC_C_LANGUAGE_STANDARD = gnu11;
				GCC_NO_COMMON_BLOCKS = YES;
				GCC_WARN_64_TO_32_BIT_CONVERSION = YES;
				GCC_WARN_ABOUT_RETURN_TYPE = YES_ERROR;
				GCC_WARN_UNDECLARED_SELECTOR = YES;
				GCC_WARN_UNINITIALIZED_AUTOS = YES_AGGRESSIVE;
				GCC_WARN_UNUSED_FUNCTION = YES;
				GCC_WARN_UNUSED_VARIABLE = YES;
				IPHONEOS_DEPLOYMENT_TARGET = 15.2;
				MTL_ENABLE_DEBUG_INFO = NO;
				MTL_FAST_MATH = YES;
				SDKROOT = iphoneos;
				SWIFT_COMPILATION_MODE = wholemodule;
				SWIFT_OPTIMIZATION_LEVEL = "-O";
				VALIDATE_PRODUCT = YES;
			};
			name = Release;
		};
		3A91AF8B27A5154600C7FB5A /* Debug */ = {
			isa = XCBuildConfiguration;
			buildSettings = {
				ASSETCATALOG_COMPILER_APPICON_NAME = AppIcon;
				ASSETCATALOG_COMPILER_GLOBAL_ACCENT_COLOR_NAME = AccentColor;
				CODE_SIGN_STYLE = Automatic;
				CURRENT_PROJECT_VERSION = 1;
				DEVELOPMENT_TEAM = K945D33793;
				GENERATE_INFOPLIST_FILE = YES;
				INFOPLIST_FILE = WeatherApp/Info.plist;
				INFOPLIST_KEY_UIApplicationSupportsIndirectInputEvents = YES;
				INFOPLIST_KEY_UILaunchStoryboardName = LaunchScreen;
				INFOPLIST_KEY_UIMainStoryboardFile = Main;
				INFOPLIST_KEY_UISupportedInterfaceOrientations_iPad = "UIInterfaceOrientationPortrait UIInterfaceOrientationPortraitUpsideDown UIInterfaceOrientationLandscapeLeft UIInterfaceOrientationLandscapeRight";
				INFOPLIST_KEY_UISupportedInterfaceOrientations_iPhone = "UIInterfaceOrientationPortrait UIInterfaceOrientationLandscapeLeft UIInterfaceOrientationLandscapeRight";
				LD_RUNPATH_SEARCH_PATHS = (
					"$(inherited)",
					"@executable_path/Frameworks",
				);
				MARKETING_VERSION = 1.0;
				PRODUCT_BUNDLE_IDENTIFIER = evstarshov.WeatherApp;
				PRODUCT_NAME = "$(TARGET_NAME)";
				SWIFT_EMIT_LOC_STRINGS = YES;
				SWIFT_VERSION = 5.0;
				TARGETED_DEVICE_FAMILY = 1;
			};
			name = Debug;
		};
		3A91AF8C27A5154600C7FB5A /* Release */ = {
			isa = XCBuildConfiguration;
			buildSettings = {
				ASSETCATALOG_COMPILER_APPICON_NAME = AppIcon;
				ASSETCATALOG_COMPILER_GLOBAL_ACCENT_COLOR_NAME = AccentColor;
				CODE_SIGN_STYLE = Automatic;
				CURRENT_PROJECT_VERSION = 1;
				DEVELOPMENT_TEAM = K945D33793;
				GENERATE_INFOPLIST_FILE = YES;
				INFOPLIST_FILE = WeatherApp/Info.plist;
				INFOPLIST_KEY_UIApplicationSupportsIndirectInputEvents = YES;
				INFOPLIST_KEY_UILaunchStoryboardName = LaunchScreen;
				INFOPLIST_KEY_UIMainStoryboardFile = Main;
				INFOPLIST_KEY_UISupportedInterfaceOrientations_iPad = "UIInterfaceOrientationPortrait UIInterfaceOrientationPortraitUpsideDown UIInterfaceOrientationLandscapeLeft UIInterfaceOrientationLandscapeRight";
				INFOPLIST_KEY_UISupportedInterfaceOrientations_iPhone = "UIInterfaceOrientationPortrait UIInterfaceOrientationLandscapeLeft UIInterfaceOrientationLandscapeRight";
				LD_RUNPATH_SEARCH_PATHS = (
					"$(inherited)",
					"@executable_path/Frameworks",
				);
				MARKETING_VERSION = 1.0;
				PRODUCT_BUNDLE_IDENTIFIER = evstarshov.WeatherApp;
				PRODUCT_NAME = "$(TARGET_NAME)";
				SWIFT_EMIT_LOC_STRINGS = YES;
				SWIFT_VERSION = 5.0;
				TARGETED_DEVICE_FAMILY = 1;
			};
			name = Release;
		};
		3A91AF8E27A5154600C7FB5A /* Debug */ = {
			isa = XCBuildConfiguration;
			buildSettings = {
				ALWAYS_EMBED_SWIFT_STANDARD_LIBRARIES = YES;
				BUNDLE_LOADER = "$(TEST_HOST)";
				CODE_SIGN_STYLE = Automatic;
				CURRENT_PROJECT_VERSION = 1;
				DEVELOPMENT_TEAM = K945D33793;
				GENERATE_INFOPLIST_FILE = YES;
				IPHONEOS_DEPLOYMENT_TARGET = 15.2;
				MARKETING_VERSION = 1.0;
				PRODUCT_BUNDLE_IDENTIFIER = evstarshov.WeatherAppTests;
				PRODUCT_NAME = "$(TARGET_NAME)";
				SWIFT_EMIT_LOC_STRINGS = NO;
				SWIFT_VERSION = 5.0;
				TARGETED_DEVICE_FAMILY = "1,2";
				TEST_HOST = "$(BUILT_PRODUCTS_DIR)/WeatherApp.app/WeatherApp";
			};
			name = Debug;
		};
		3A91AF8F27A5154600C7FB5A /* Release */ = {
			isa = XCBuildConfiguration;
			buildSettings = {
				ALWAYS_EMBED_SWIFT_STANDARD_LIBRARIES = YES;
				BUNDLE_LOADER = "$(TEST_HOST)";
				CODE_SIGN_STYLE = Automatic;
				CURRENT_PROJECT_VERSION = 1;
				DEVELOPMENT_TEAM = K945D33793;
				GENERATE_INFOPLIST_FILE = YES;
				IPHONEOS_DEPLOYMENT_TARGET = 15.2;
				MARKETING_VERSION = 1.0;
				PRODUCT_BUNDLE_IDENTIFIER = evstarshov.WeatherAppTests;
				PRODUCT_NAME = "$(TARGET_NAME)";
				SWIFT_EMIT_LOC_STRINGS = NO;
				SWIFT_VERSION = 5.0;
				TARGETED_DEVICE_FAMILY = "1,2";
				TEST_HOST = "$(BUILT_PRODUCTS_DIR)/WeatherApp.app/WeatherApp";
			};
			name = Release;
		};
		3A91AF9127A5154600C7FB5A /* Debug */ = {
			isa = XCBuildConfiguration;
			buildSettings = {
				ALWAYS_EMBED_SWIFT_STANDARD_LIBRARIES = YES;
				CODE_SIGN_STYLE = Automatic;
				CURRENT_PROJECT_VERSION = 1;
				DEVELOPMENT_TEAM = K945D33793;
				GENERATE_INFOPLIST_FILE = YES;
				MARKETING_VERSION = 1.0;
				PRODUCT_BUNDLE_IDENTIFIER = evstarshov.WeatherAppUITests;
				PRODUCT_NAME = "$(TARGET_NAME)";
				SWIFT_EMIT_LOC_STRINGS = NO;
				SWIFT_VERSION = 5.0;
				TARGETED_DEVICE_FAMILY = "1,2";
				TEST_TARGET_NAME = WeatherApp;
			};
			name = Debug;
		};
		3A91AF9227A5154600C7FB5A /* Release */ = {
			isa = XCBuildConfiguration;
			buildSettings = {
				ALWAYS_EMBED_SWIFT_STANDARD_LIBRARIES = YES;
				CODE_SIGN_STYLE = Automatic;
				CURRENT_PROJECT_VERSION = 1;
				DEVELOPMENT_TEAM = K945D33793;
				GENERATE_INFOPLIST_FILE = YES;
				MARKETING_VERSION = 1.0;
				PRODUCT_BUNDLE_IDENTIFIER = evstarshov.WeatherAppUITests;
				PRODUCT_NAME = "$(TARGET_NAME)";
				SWIFT_EMIT_LOC_STRINGS = NO;
				SWIFT_VERSION = 5.0;
				TARGETED_DEVICE_FAMILY = "1,2";
				TEST_TARGET_NAME = WeatherApp;
			};
			name = Release;
		};
/* End XCBuildConfiguration section */

/* Begin XCConfigurationList section */
		3A91AF5B27A5154400C7FB5A /* Build configuration list for PBXProject "WeatherApp" */ = {
			isa = XCConfigurationList;
			buildConfigurations = (
				3A91AF8827A5154600C7FB5A /* Debug */,
				3A91AF8927A5154600C7FB5A /* Release */,
			);
			defaultConfigurationIsVisible = 0;
			defaultConfigurationName = Release;
		};
		3A91AF8A27A5154600C7FB5A /* Build configuration list for PBXNativeTarget "WeatherApp" */ = {
			isa = XCConfigurationList;
			buildConfigurations = (
				3A91AF8B27A5154600C7FB5A /* Debug */,
				3A91AF8C27A5154600C7FB5A /* Release */,
			);
			defaultConfigurationIsVisible = 0;
			defaultConfigurationName = Release;
		};
		3A91AF8D27A5154600C7FB5A /* Build configuration list for PBXNativeTarget "WeatherAppTests" */ = {
			isa = XCConfigurationList;
			buildConfigurations = (
				3A91AF8E27A5154600C7FB5A /* Debug */,
				3A91AF8F27A5154600C7FB5A /* Release */,
			);
			defaultConfigurationIsVisible = 0;
			defaultConfigurationName = Release;
		};
		3A91AF9027A5154600C7FB5A /* Build configuration list for PBXNativeTarget "WeatherAppUITests" */ = {
			isa = XCConfigurationList;
			buildConfigurations = (
				3A91AF9127A5154600C7FB5A /* Debug */,
				3A91AF9227A5154600C7FB5A /* Release */,
			);
			defaultConfigurationIsVisible = 0;
			defaultConfigurationName = Release;
		};
/* End XCConfigurationList section */
	};
	rootObject = 3A91AF5827A5154400C7FB5A /* Project object */;
}
